{
  "version": 2,
  "packages": {
    "nimlapack": {
      "version": "0.3.1",
      "vcsRevision": "231430b3d2156f5cbe8fe16bb8967cd9a93964c5",
      "url": "https://github.com/andreaferretti/nimlapack",
      "downloadMethod": "git",
      "dependencies": [],
      "checksums": {
        "sha1": "fcb25795c6fb43f9251b7f34c3ad84c39e645afd"
      }
    },
    "opencl": {
      "version": "1.0.1",
      "vcsRevision": "7b138ac19d7f5452a74742392ffadac3d26ee397",
      "url": "https://github.com/nim-lang/opencl",
      "downloadMethod": "git",
      "dependencies": [],
      "checksums": {
        "sha1": "89c70044ee474834a4f7dcd6bf05a9082b0886bb"
      }
    },
    "clblast": {
      "version": "0.0.2",
      "vcsRevision": "cdadb10dd85b95c9e7248f0b9661ad1e7616efe6",
      "url": "https://github.com/numforge/nim-clblast",
      "downloadMethod": "git",
      "dependencies": [
        "opencl"
      ],
      "checksums": {
        "sha1": "0b4514b483f83492c49bb0629e5b45ffdf8e7aa3"
      }
    },
    "nimcuda": {
      "version": "0.2.0",
      "vcsRevision": "2ba1770c407ea0e217b1858c11aa8c8b5ebcfdac",
      "url": "https://github.com/andreaferretti/nimcuda",
      "downloadMethod": "git",
      "dependencies": [],
      "checksums": {
        "sha1": "881d48f10689e555fff6c8d2783bb6a7100c7204"
      }
    },
    "zip": {
      "version": "0.3.1",
      "vcsRevision": "bdc5783fefc1afb8eb622ff13d464a832ce1d507",
      "url": "https://github.com/nim-lang/zip",
      "downloadMethod": "git",
      "dependencies": [],
      "checksums": {
        "sha1": "747aab3c43ecb7b50671cdd0ec3b2edc2c83494c"
      }
    },
    "stb_image": {
      "version": "2.5",
      "vcsRevision": "ba5f45286bfa9bed93d8d6b941949cd6218ec888",
      "url": "https://gitlab.com/define-private-public/stb_image-Nim.git",
      "downloadMethod": "git",
      "dependencies": [],
      "checksums": {
        "sha1": "abf5fd03e72ee4c316c50a0538b973e355dcb175"
      }
    },
    "cdt": {
      "version": "0.1.1",
      "vcsRevision": "2437955da338f409aaa762596d686975b06eeb8e",
      "url": "https://github.com/HugoGranstrom/cdt",
      "downloadMethod": "git",
      "dependencies": [],
      "checksums": {
        "sha1": "195f0270aaf5d363925f7fdf8a4cc125e4832417"
      }
    },
    "nimblas": {
      "version": "0.3.1",
      "vcsRevision": "93ffdd705496990983eefa0507d52f6a6c533ca7",
      "url": "https://github.com/andreaferretti/nimblas",
      "downloadMethod": "git",
      "dependencies": [],
      "checksums": {
        "sha1": "e1ecdea4bb8176f12d66efd4aa0c7b3bea970027"
      }
    },
    "nimcl": {
      "version": "0.1.3",
      "vcsRevision": "f2f963ff043a364386888f8a6cf91646cd583e99",
      "url": "https://github.com/andreaferretti/nimcl",
      "downloadMethod": "git",
      "dependencies": [
        "opencl"
      ],
      "checksums": {
        "sha1": "fb304e3b75503fb359ffe649d019a2fac7e2b3dc"
      }
    },
    "untar": {
      "version": "0.1.0",
      "vcsRevision": "b49f6ac94974fe11cb3d396a8a9c533824a497a7",
      "url": "https://github.com/dom96/untar",
      "downloadMethod": "git",
      "dependencies": [],
      "checksums": {
        "sha1": "ceb12634783156ddd511410242dc7855ae2f4a14"
      }
    },
    "arraymancer": {
      "version": "0.7.33",
      "vcsRevision": "873ac940bd5df50e1f7d587a91eeb7cf4ebf4a7e",
      "url": "https://github.com/mratsim/Arraymancer",
      "downloadMethod": "git",
      "dependencies": [
        "nimblas",
        "nimlapack",
        "nimcuda",
        "nimcl",
        "clblast",
        "stb_image",
        "zip",
        "untar"
      ],
      "checksums": {
        "sha1": "c37fb5d98fce8661ade439d89d0a6a3c9d65c8fc"
      }
    }
  },
  "tasks": {}
}
