{
	"packages": {
		"arraymancer": {
			"checksums": {
				"integrity": "sha256-5WiC9ak073DJOdMltY9m3MY83t2wrdVXNKFfaUqtGtE=",
				"sha1": "c37fb5d98fce8661ade439d89d0a6a3c9d65c8fc"
			},
			"dependencies": [
				"nimblas",
				"nimlapack",
				"nimcuda",
				"nimcl",
				"clblast",
				"stb_image",
				"zip",
				"untar"
			],
			"downloadMethod": "git",
			"url": "https://github.com/mratsim/Arraymancer",
			"vcsRevision": "873ac940bd5df50e1f7d587a91eeb7cf4ebf4a7e",
			"version": "0.7.33"
		},
		"cdt": {
			"checksums": {
				"integrity": "sha256-Q/4rVIH8RlxCdOUg1M2UDTHsriB5dYqRXM1jn3GJuLI=",
				"sha1": "195f0270aaf5d363925f7fdf8a4cc125e4832417"
			},
			"dependencies": [],
			"downloadMethod": "git",
			"url": "https://github.com/HugoGranstrom/cdt",
			"vcsRevision": "2437955da338f409aaa762596d686975b06eeb8e",
			"version": "0.1.1"
		},
		"clblast": {
			"checksums": {
				"integrity": "sha256-1FK+pLrGsAaYvjsIoNHZBJpxsUbKoSOMrVLfEgLwgDQ=",
				"sha1": "0b4514b483f83492c49bb0629e5b45ffdf8e7aa3"
			},
			"dependencies": [
				"opencl"
			],
			"downloadMethod": "git",
			"url": "https://github.com/numforge/nim-clblast",
			"vcsRevision": "cdadb10dd85b95c9e7248f0b9661ad1e7616efe6",
			"version": "0.0.2"
		},
		"nimblas": {
			"checksums": {
				"integrity": "sha256-vKzEgwGiFRAV7oOexqRbgGJbQxPql7jDeKR7e0nilSc=",
				"sha1": "e1ecdea4bb8176f12d66efd4aa0c7b3bea970027"
			},
			"dependencies": [],
			"downloadMethod": "git",
			"url": "https://github.com/andreaferretti/nimblas",
			"vcsRevision": "93ffdd705496990983eefa0507d52f6a6c533ca7",
			"version": "0.3.1"
		},
		"nimcl": {
			"checksums": {
				"integrity": "sha256-W87PFJAiwHroYWDu1lZAd1iq74v+9K3HLa90eeG0yWE=",
				"sha1": "fb304e3b75503fb359ffe649d019a2fac7e2b3dc"
			},
			"dependencies": [
				"opencl"
			],
			"downloadMethod": "git",
			"url": "https://github.com/andreaferretti/nimcl",
			"vcsRevision": "f2f963ff043a364386888f8a6cf91646cd583e99",
			"version": "0.1.3"
		},
		"nimcuda": {
			"checksums": {
				"integrity": "sha256-akYQf8zx1OmITU1cpAOF75iuFL/n9VmE2tZI+OCnYg4=",
				"sha1": "881d48f10689e555fff6c8d2783bb6a7100c7204"
			},
			"dependencies": [],
			"downloadMethod": "git",
			"url": "https://github.com/andreaferretti/nimcuda",
			"vcsRevision": "2ba1770c407ea0e217b1858c11aa8c8b5ebcfdac",
			"version": "0.2.0"
		},
		"nimlapack": {
			"checksums": {
				"integrity": "sha256-JWZtbgbP00FCdqsHW8lrsDB2Y0OSWRIRr+vKO/7Wa4g=",
				"sha1": "fcb25795c6fb43f9251b7f34c3ad84c39e645afd"
			},
			"dependencies": [],
			"downloadMethod": "git",
			"url": "https://github.com/andreaferretti/nimlapack",
			"vcsRevision": "231430b3d2156f5cbe8fe16bb8967cd9a93964c5",
			"version": "0.3.1"
		},
		"opencl": {
			"checksums": {
				"integrity": "sha256-D98uGQjhqln7veC2qtGMxiXbyh3DJ0dLFJd7y/LRC9U=",
				"sha1": "89c70044ee474834a4f7dcd6bf05a9082b0886bb"
			},
			"dependencies": [],
			"downloadMethod": "git",
			"url": "https://github.com/nim-lang/opencl",
			"vcsRevision": "7b138ac19d7f5452a74742392ffadac3d26ee397",
			"version": "1.0.1"
		},
		"stb_image": {
			"checksums": {
				"integrity": "sha256-VNUufu/RsJJhnidIvgGXkPPtFd7w38TU0fjuH9hT4+Y=",
				"sha1": "abf5fd03e72ee4c316c50a0538b973e355dcb175"
			},
			"dependencies": [],
			"downloadMethod": "git",
			"url": "https://gitlab.com/define-private-public/stb_image-Nim.git",
			"vcsRevision": "ba5f45286bfa9bed93d8d6b941949cd6218ec888",
			"version": "2.5"
		},
		"untar": {
			"checksums": {
				"integrity": "sha256-Pm1XWSMWQ/hs+N6weZOusA5V0J+HvW4Wdrqu7OZXMI8=",
				"sha1": "ceb12634783156ddd511410242dc7855ae2f4a14"
			},
			"dependencies": [],
			"downloadMethod": "git",
			"url": "https://github.com/dom96/untar",
			"vcsRevision": "b49f6ac94974fe11cb3d396a8a9c533824a497a7",
			"version": "0.1.0"
		},
		"zip": {
			"checksums": {
				"integrity": "sha256-7UOkEPozcI6Vg9aveZaMRIyLP/2mthnwkW6NzG7kBNg=",
				"sha1": "747aab3c43ecb7b50671cdd0ec3b2edc2c83494c"
			},
			"dependencies": [],
			"downloadMethod": "git",
			"url": "https://github.com/nim-lang/zip",
			"vcsRevision": "bdc5783fefc1afb8eb622ff13d464a832ce1d507",
			"version": "0.3.1"
		}
	},
	"tasks": {},
	"version": 2
}